
Microsoft Visual Studio Solution File, Format Version 12.00
# Visual Studio Version 16
VisualStudioVersion = 16.0.30104.148
MinimumVisualStudioVersion = 10.0.40219.1
Project("{FAE04EC0-301F-11D3-BF4B-00C04F79EFBC}") = "RazorPagesMovie", "RazorPagesMovie.csproj", "{0E10281F-D3AE-43BA-A448-D5A7F3DEB4DF}"
EndProject
Global
	GlobalSection(SolutionConfigurationPlatforms) = preSolution
		Debug|Any CPU = Debug|Any CPU
		Release|Any CPU = Release|Any CPU
	EndGlobalSection
	GlobalSection(ProjectConfigurationPlatforms) = postSolution
		{0E10281F-D3AE-43BA-A448-D5A7F3DEB4DF}.Debug|Any CPU.ActiveCfg = Debug|Any CPU
		{0E10281F-D3AE-43BA-A448-D5A7F3DEB4DF}.Debug|Any CPU.Build.0 = Debug|Any CPU
		{0E10281F-D3AE-43BA-A448-D5A7F3DEB4DF}.Release|Any CPU.ActiveCfg = Release|Any CPU
		{0E10281F-D3AE-43BA-A448-D5A7F3DEB4DF}.Release|Any CPU.Build.0 = Release|Any CPU
	EndGlobalSection
	GlobalSection(SolutionProperties) = preSolution
		HideSolutionNode = FALSE
	EndGlobalSection
	GlobalSection(ExtensibilityGlobals) = postSolution
		SolutionGuid = {AFC173D4-63F0-4ACE-BE77-5DFD2E3A912E}
	EndGlobalSection
EndGlobal
